// !$*UTF8*$!
{
	archiveVersion = 1;
	classes = {
	};
	objectVersion = 46;
	objects = {

/* Begin PBXBuildFile section */
		034DC93D1DEFAFE000B9713D /* PlaySoundsViewController.swift in Sources */ = {isa = PBXBuildFile; fileRef = 034DC93C1DEFAFE000B9713D /* PlaySoundsViewController.swift */; };
		034DC93F1DEFC7A300B9713D /* playsoundsviewcontroller-audio.swift in Sources */ = {isa = PBXBuildFile; fileRef = 034DC93E1DEFC7A300B9713D /* playsoundsviewcontroller-audio.swift */; };
		03CD52CF1DDE9392002F2350 /* AppDelegate.swift in Sources */ = {isa = PBXBuildFile; fileRef = 03CD52CE1DDE9392002F2350 /* AppDelegate.swift */; };
		03CD52D11DDE9392002F2350 /* RecordsSoundViewController.swift in Sources */ = {isa = PBXBuildFile; fileRef = 03CD52D01DDE9392002F2350 /* RecordsSoundViewController.swift */; };
		03CD52D41DDE9392002F2350 /* Main.storyboard in Resources */ = {isa = PBXBuildFile; fileRef = 03CD52D21DDE9392002F2350 /* Main.storyboard */; };
		03CD52D61DDE9392002F2350 /* Assets.xcassets in Resources */ = {isa = PBXBuildFile; fileRef = 03CD52D51DDE9392002F2350 /* Assets.xcassets */; };
		03CD52D91DDE9392002F2350 /* LaunchScreen.storyboard in Resources */ = {isa = PBXBuildFile; fileRef = 03CD52D71DDE9392002F2350 /* LaunchScreen.storyboard */; };
/* End PBXBuildFile section */

/* Begin PBXFileReference section */
		034DC93C1DEFAFE000B9713D /* PlaySoundsViewController.swift */ = {isa = PBXFileReference; fileEncoding = 4; lastKnownFileType = sourcecode.swift; path = PlaySoundsViewController.swift; sourceTree = "<group>"; };
		034DC93E1DEFC7A300B9713D /* playsoundsviewcontroller-audio.swift */ = {isa = PBXFileReference; fileEncoding = 4; lastKnownFileType = sourcecode.swift; name = "playsoundsviewcontroller-audio.swift"; path = "../../../../Downloads/playsoundsviewcontroller-audio.swift"; sourceTree = "<group>"; };
		03CD52CB1DDE9392002F2350 /* PitchPerfect.app */ = {isa = PBXFileReference; explicitFileType = wrapper.application; includeInIndex = 0; path = PitchPerfect.app; sourceTree = BUILT_PRODUCTS_DIR; };
		03CD52CE1DDE9392002F2350 /* AppDelegate.swift */ = {isa = PBXFileReference; lastKnownFileType = sourcecode.swift; path = AppDelegate.swift; sourceTree = "<group>"; };
		03CD52D01DDE9392002F2350 /* RecordsSoundViewController.swift */ = {isa = PBXFileReference; lastKnownFileType = sourcecode.swift; path = RecordsSoundViewController.swift; sourceTree = "<group>"; };
		03CD52D31DDE9392002F2350 /* Base */ = {isa = PBXFileReference; lastKnownFileType = file.storyboard; name = Base; path = Base.lproj/Main.storyboard; sourceTree = "<group>"; };
		03CD52D51DDE9392002F2350 /* Assets.xcassets */ = {isa = PBXFileReference; lastKnownFileType = folder.assetcatalog; path = Assets.xcassets; sourceTree = "<group>"; };
		03CD52D81DDE9392002F2350 /* Base */ = {isa = PBXFileReference; lastKnownFileType = file.storyboard; name = Base; path = Base.lproj/LaunchScreen.storyboard; sourceTree = "<group>"; };
		03CD52DA1DDE9392002F2350 /* Info.plist */ = {isa = PBXFileReference; lastKnownFileType = text.plist.xml; path = Info.plist; sourceTree = "<group>"; };
/* End PBXFileReference section */

/* Begin PBXFrameworksBuildPhase section */
		03CD52C81DDE9392002F2350 /* Frameworks */ = {
			isa = PBXFrameworksBuildPhase;
			buildActionMask = 2147483647;
			files = (
			);
			runOnlyForDeploymentPostprocessing = 0;
		};
/* End PBXFrameworksBuildPhase section */

/* Begin PBXGroup section */
		03CD52C21DDE9392002F2350 = {
			isa = PBXGroup;
			children = (
				03CD52CD1DDE9392002F2350 /* PitchPerfect */,
				03CD52CC1DDE9392002F2350 /* Products */,
			);
			sourceTree = "<group>";
		};
		03CD52CC1DDE9392002F2350 /* Products */ = {
			isa = PBXGroup;
			children = (
				03CD52CB1DDE9392002F2350 /* PitchPerfect.app */,
			);
			name = Products;
			sourceTree = "<group>";
		};
		03CD52CD1DDE9392002F2350 /* PitchPerfect */ = {
			isa = PBXGroup;
			children = (
				03CD52CE1DDE9392002F2350 /* AppDelegate.swift */,
				03CD52D01DDE9392002F2350 /* RecordsSoundViewController.swift */,
				03CD52D21DDE9392002F2350 /* Main.storyboard */,
				03CD52D51DDE9392002F2350 /* Assets.xcassets */,
				03CD52D71DDE9392002F2350 /* LaunchScreen.storyboard */,
				03CD52DA1DDE9392002F2350 /* Info.plist */,
				034DC93C1DEFAFE000B9713D /* PlaySoundsViewController.swift */,
				034DC93E1DEFC7A300B9713D /* playsoundsviewcontroller-audio.swift */,
			);
			path = PitchPerfect;
			sourceTree = "<group>";
		};
/* End PBXGroup section */

/* Begin PBXNativeTarget section */
		03CD52CA1DDE9392002F2350 /* PitchPerfect */ = {
			isa = PBXNativeTarget;
			buildConfigurationList = 03CD52DD1DDE9392002F2350 /* Build configuration list for PBXNativeTarget "PitchPerfect" */;
			buildPhases = (
				03CD52C71DDE9392002F2350 /* Sources */,
				03CD52C81DDE9392002F2350 /* Frameworks */,
				03CD52C91DDE9392002F2350 /* Resources */,
			);
			buildRules = (
			);
			dependencies = (
			);
			name = PitchPerfect;
			productName = PitchPerfect;
			productReference = 03CD52CB1DDE9392002F2350 /* PitchPerfect.app */;
			productType = "com.apple.product-type.application";
		};
/* End PBXNativeTarget section */

/* Begin PBXProject section */
		03CD52C31DDE9392002F2350 /* Project object */ = {
			isa = PBXProject;
			attributes = {
				LastSwiftUpdateCheck = 0810;
				LastUpgradeCheck = 0810;
				ORGANIZATIONNAME = rdenuto;
				TargetAttributes = {
					03CD52CA1DDE9392002F2350 = {
						CreatedOnToolsVersion = 8.1;
						DevelopmentTeam = LGA5BY294D;
						ProvisioningStyle = Automatic;
					};
				};
			};
			buildConfigurationList = 03CD52C61DDE9392002F2350 /* Build configuration list for PBXProject "PitchPerfect" */;
			compatibilityVersion = "Xcode 3.2";
			developmentRegion = English;
			hasScannedForEncodings = 0;
			knownRegions = (
				en,
				Base,
			);
			mainGroup = 03CD52C21DDE9392002F2350;
			productRefGroup = 03CD52CC1DDE9392002F2350 /* Products */;
			projectDirPath = "";
			projectRoot = "";
			targets = (
				03CD52CA1DDE9392002F2350 /* PitchPerfect */,
			);
		};
/* End PBXProject section */

/* Begin PBXResourcesBuildPhase section */
		03CD52C91DDE9392002F2350 /* Resources */ = {
			isa = PBXResourcesBuildPhase;
			buildActionMask = 2147483647;
			files = (
				03CD52D91DDE9392002F2350 /* LaunchScreen.storyboard in Resources */,
				03CD52D61DDE9392002F2350 /* Assets.xcassets in Resources */,
				03CD52D41DDE9392002F2350 /* Main.storyboard in Resources */,
			);
			runOnlyForDeploymentPostprocessing = 0;
		};
/* End PBXResourcesBuildPhase section */

/* Begin PBXSourcesBuildPhase section */
		03CD52C71DDE9392002F2350 /* Sources */ = {
			isa = PBXSourcesBuildPhase;
			buildActionMask = 2147483647;
			files = (
				03CD52D11DDE9392002F2350 /* RecordsSoundViewController.swift in Sources */,
				034DC93D1DEFAFE000B9713D /* PlaySoundsViewController.swift in Sources */,
				03CD52CF1DDE9392002F2350 /* AppDelegate.swift in Sources */,
				034DC93F1DEFC7A300B9713D /* playsoundsviewcontroller-audio.swift in Sources */,
			);
			runOnlyForDeploymentPostprocessing = 0;
		};
/* End PBXSourcesBuildPhase section */

/* Begin PBXVariantGroup section */
		03CD52D21DDE9392002F2350 /* Main.storyboard */ = {
			isa = PBXVariantGroup;
			children = (
				03CD52D31DDE9392002F2350 /* Base */,
			);
			name = Main.storyboard;
			sourceTree = "<group>";
		};
		03CD52D71DDE9392002F2350 /* LaunchScreen.storyboard */ = {
			isa = PBXVariantGroup;
			children = (
				03CD52D81DDE9392002F2350 /* Base */,
			);
			name = LaunchScreen.storyboard;
			sourceTree = "<group>";
		};
/* End PBXVariantGroup section */

/* Begin XCBuildConfiguration section */
		03CD52DB1DDE9392002F2350 /* Debug */ = {
			isa = XCBuildConfiguration;
			buildSettings = {
				ALWAYS_SEARCH_USER_PATHS = NO;
				CLANG_ANALYZER_NONNULL = YES;
				CLANG_CXX_LANGUAGE_STANDARD = "gnu++0x";
				CLANG_CXX_LIBRARY = "libc++";
				CLANG_ENABLE_MODULES = YES;
				CLANG_ENABLE_OBJC_ARC = YES;
				CLANG_WARN_BOOL_CONVERSION = YES;
				CLANG_WARN_CONSTANT_CONVERSION = YES;
				CLANG_WARN_DIRECT_OBJC_ISA_USAGE = YES_ERROR;
				CLANG_WARN_DOCUMENTATION_COMMENTS = YES;
				CLANG_WARN_EMPTY_BODY = YES;
				CLANG_WARN_ENUM_CONVERSION = YES;
				CLANG_WARN_INFINITE_RECURSION = YES;
				CLANG_WARN_INT_CONVERSION = YES;
				CLANG_WARN_OBJC_ROOT_CLASS = YES_ERROR;
				CLANG_WARN_SUSPICIOUS_MOVES = YES;
				CLANG_WARN_UNREACHABLE_CODE = YES;
				CLANG_WARN__DUPLICATE_METHOD_MATCH = YES;
				"CODE_SIGN_IDENTITY[sdk=iphoneos*]" = "iPhone Developer";
				COPY_PHASE_STRIP = NO;
				DEBUG_INFORMATION_FORMAT = dwarf;
				ENABLE_STRICT_OBJC_MSGSEND = YES;
				ENABLE_TESTABILITY = YES;
				GCC_C_LANGUAGE_STANDARD = gnu99;
				GCC_DYNAMIC_NO_PIC = NO;
				GCC_NO_COMMON_BLOCKS = YES;
				GCC_OPTIMIZATION_LEVEL = 0;
				GCC_PREPROCESSOR_DEFINITIONS = (
					"DEBUG=1",
					"$(inherited)",
				);
				GCC_WARN_64_TO_32_BIT_CONVERSION = YES;
				GCC_WARN_ABOUT_RETURN_TYPE = YES_ERROR;
				GCC_WARN_UNDECLARED_SELECTOR = YES;
				GCC_WARN_UNINITIALIZED_AUTOS = YES_AGGRESSIVE;
				GCC_WARN_UNUSED_FUNCTION = YES;
				GCC_WARN_UNUSED_VARIABLE = YES;
				IPHONEOS_DEPLOYMENT_TARGET = 10.1;
				MTL_ENABLE_DEBUG_INFO = YES;
				ONLY_ACTIVE_ARCH = YES;
				SDKROOT = iphoneos;
				SWIFT_ACTIVE_COMPILATION_CONDITIONS = DEBUG;
				SWIFT_OPTIMIZATION_LEVEL = "-Onone";
				TARGETED_DEVICE_FAMILY = "1,2";
			};
			name = Debug;
		};
		03CD52DC1DDE9392002F2350 /* Release */ = {
			isa = XCBuildConfiguration;
			buildSettings = {
				ALWAYS_SEARCH_USER_PATHS = NO;
				CLANG_ANALYZER_NONNULL = YES;
				CLANG_CXX_LANGUAGE_STANDARD = "gnu++0x";
				CLANG_CXX_LIBRARY = "libc++";
				CLANG_ENABLE_MODULES = YES;
				CLANG_ENABLE_OBJC_ARC = YES;
				CLANG_WARN_BOOL_CONVERSION = YES;
				CLANG_WARN_CONSTANT_CONVERSION = YES;
				CLANG_WARN_DIRECT_OBJC_ISA_USAGE = YES_ERROR;
				CLANG_WARN_DOCUMENTATION_COMMENTS = YES;
				CLANG_WARN_EMPTY_BODY = YES;
				CLANG_WARN_ENUM_CONVERSION = YES;
				CLANG_WARN_INFINITE_RECURSION = YES;
				CLANG_WARN_INT_CONVERSION = YES;
				CLANG_WARN_OBJC_ROOT_CLASS = YES_ERROR;
				CLANG_WARN_SUSPICIOUS_MOVES = YES;
				CLANG_WARN_UNREACHABLE_CODE = YES;
				CLANG_WARN__DUPLICATE_METHOD_MATCH = YES;
				"CODE_SIGN_IDENTITY[sdk=iphoneos*]" = "iPhone Developer";
				COPY_PHASE_STRIP = NO;
				DEBUG_INFORMATION_FORMAT = "dwarf-with-dsym";
				ENABLE_NS_ASSERTIONS = NO;
				ENABLE_STRICT_OBJC_MSGSEND = YES;
				GCC_C_LANGUAGE_STANDARD = gnu99;
				GCC_NO_COMMON_BLOCKS = YES;
				GCC_WARN_64_TO_32_BIT_CONVERSION = YES;
				GCC_WARN_ABOUT_RETURN_TYPE = YES_ERROR;
				GCC_WARN_UNDECLARED_SELECTOR = YES;
				GCC_WARN_UNINITIALIZED_AUTOS = YES_AGGRESSIVE;
				GCC_WARN_UNUSED_FUNCTION = YES;
				GCC_WARN_UNUSED_VARIABLE = YES;
				IPHONEOS_DEPLOYMENT_TARGET = 10.1;
				MTL_ENABLE_DEBUG_INFO = NO;
				SDKROOT = iphoneos;
				SWIFT_OPTIMIZATION_LEVEL = "-Owholemodule";
				TARGETED_DEVICE_FAMILY = "1,2";
				VALIDATE_PRODUCT = YES;
			};
			name = Release;
		};
		03CD52DE1DDE9392002F2350 /* Debug */ = {
			isa = XCBuildConfiguration;
			buildSettings = {
				ASSETCATALOG_COMPILER_APPICON_NAME = AppIcon;
				DEVELOPMENT_TEAM = LGA5BY294D;
				INFOPLIST_FILE = PitchPerfect/Info.plist;
				LD_RUNPATH_SEARCH_PATHS = "$(inherited) @executable_path/Frameworks";
				PRODUCT_BUNDLE_IDENTIFIER = com.rdenuto.PitchPerfect;
				PRODUCT_NAME = "$(TARGET_NAME)";
				SWIFT_VERSION = 3.0;
			};
			name = Debug;
		};
		03CD52DF1DDE9392002F2350 /* Release */ = {
			isa = XCBuildConfiguration;
			buildSettings = {
				ASSETCATALOG_COMPILER_APPICON_NAME = AppIcon;
				DEVELOPMENT_TEAM = LGA5BY294D;
				INFOPLIST_FILE = PitchPerfect/Info.plist;
				LD_RUNPATH_SEARCH_PATHS = "$(inherited) @executable_path/Frameworks";
				PRODUCT_BUNDLE_IDENTIFIER = com.rdenuto.PitchPerfect;
				PRODUCT_NAME = "$(TARGET_NAME)";
				SWIFT_VERSION = 3.0;
			};
			name = Release;
		};
/* End XCBuildConfiguration section */

/* Begin XCConfigurationList section */
		03CD52C61DDE9392002F2350 /* Build configuration list for PBXProject "PitchPerfect" */ = {
			isa = XCConfigurationList;
			buildConfigurations = (
				03CD52DB1DDE9392002F2350 /* Debug */,
				03CD52DC1DDE9392002F2350 /* Release */,
			);
			defaultConfigurationIsVisible = 0;
			defaultConfigurationName = Release;
		};
		03CD52DD1DDE9392002F2350 /* Build configuration list for PBXNativeTarget "PitchPerfect" */ = {
			isa = XCConfigurationList;
			buildConfigurations = (
				03CD52DE1DDE9392002F2350 /* Debug */,
				03CD52DF1DDE9392002F2350 /* Release */,
			);
			defaultConfigurationIsVisible = 0;
			defaultConfigurationName = Release;
		};
/* End XCConfigurationList section */
	};
	rootObject = 03CD52C31DDE9392002F2350 /* Project object */;
}
